
Microsoft Visual Studio Solution File, Format Version 12.00
# Visual Studio Version 16
VisualStudioVersion = 16.0.29409.12
MinimumVisualStudioVersion = 10.0.40219.1
Project("{FAE04EC0-301F-11D3-BF4B-00C04F79EFBC}") = "Prob1", "Prob1\Prob1.csproj", "{2368F10F-A082-427C-9E61-B860C8F59ACD}"
EndProject
Project("{FAE04EC0-301F-11D3-BF4B-00C04F79EFBC}") = "Prob2", "Prob2\Prob2.csproj", "{8446E7E9-39B3-42EE-864D-2D3898AF57CC}"
EndProject
Project("{FAE04EC0-301F-11D3-BF4B-00C04F79EFBC}") = "Prob3", "Prob3\Prob3.csproj", "{C4518966-E3D4-4929-A728-E656D96FC3BE}"
EndProject
Project("{FAE04EC0-301F-11D3-BF4B-00C04F79EFBC}") = "Prob4", "Prob4\Prob4.csproj", "{8F788650-3C5F-4C67-A3F1-CF86C889AF3F}"
EndProject
Global
	GlobalSection(SolutionConfigurationPlatforms) = preSolution
		Debug|Any CPU = Debug|Any CPU
		Release|Any CPU = Release|Any CPU
	EndGlobalSection
	GlobalSection(ProjectConfigurationPlatforms) = postSolution
		{2368F10F-A082-427C-9E61-B860C8F59ACD}.Debug|Any CPU.ActiveCfg = Debug|Any CPU
		{2368F10F-A082-427C-9E61-B860C8F59ACD}.Debug|Any CPU.Build.0 = Debug|Any CPU
		{2368F10F-A082-427C-9E61-B860C8F59ACD}.Release|Any CPU.ActiveCfg = Release|Any CPU
		{2368F10F-A082-427C-9E61-B860C8F59ACD}.Release|Any CPU.Build.0 = Release|Any CPU
		{8446E7E9-39B3-42EE-864D-2D3898AF57CC}.Debug|Any CPU.ActiveCfg = Debug|Any CPU
		{8446E7E9-39B3-42EE-864D-2D3898AF57CC}.Debug|Any CPU.Build.0 = Debug|Any CPU
		{8446E7E9-39B3-42EE-864D-2D3898AF57CC}.Release|Any CPU.ActiveCfg = Release|Any CPU
		{8446E7E9-39B3-42EE-864D-2D3898AF57CC}.Release|Any CPU.Build.0 = Release|Any CPU
		{C4518966-E3D4-4929-A728-E656D96FC3BE}.Debug|Any CPU.ActiveCfg = Debug|Any CPU
		{C4518966-E3D4-4929-A728-E656D96FC3BE}.Debug|Any CPU.Build.0 = Debug|Any CPU
		{C4518966-E3D4-4929-A728-E656D96FC3BE}.Release|Any CPU.ActiveCfg = Release|Any CPU
		{C4518966-E3D4-4929-A728-E656D96FC3BE}.Release|Any CPU.Build.0 = Release|Any CPU
		{8F788650-3C5F-4C67-A3F1-CF86C889AF3F}.Debug|Any CPU.ActiveCfg = Debug|Any CPU
		{8F788650-3C5F-4C67-A3F1-CF86C889AF3F}.Debug|Any CPU.Build.0 = Debug|Any CPU
		{8F788650-3C5F-4C67-A3F1-CF86C889AF3F}.Release|Any CPU.ActiveCfg = Release|Any CPU
		{8F788650-3C5F-4C67-A3F1-CF86C889AF3F}.Release|Any CPU.Build.0 = Release|Any CPU
	EndGlobalSection
	GlobalSection(SolutionProperties) = preSolution
		HideSolutionNode = FALSE
	EndGlobalSection
	GlobalSection(ExtensibilityGlobals) = postSolution
		SolutionGuid = {DC2444D5-0E0E-434C-9C87-3B55878F249D}
	EndGlobalSection
EndGlobal
